// !$*UTF8*$!
{
	archiveVersion = 1;
	classes = {
	};
	objectVersion = 50;
	objects = {

/* Begin PBXBuildFile section */
		632B338224E4006A001848CE /* NewChecklistItemView.swift in Sources */ = {isa = PBXBuildFile; fileRef = 632B338124E4006A001848CE /* NewChecklistItemView.swift */; };
		63ACF6BB24E53051003B4CD1 /* RowView.swift in Sources */ = {isa = PBXBuildFile; fileRef = 63ACF6BA24E53051003B4CD1 /* RowView.swift */; };
		63ACF6C024E5489E003B4CD1 /* IndexedCollection.swift in Sources */ = {isa = PBXBuildFile; fileRef = 63ACF6BD24E5489E003B4CD1 /* IndexedCollection.swift */; };
		63ACF6C124E5489E003B4CD1 /* Binding.swift in Sources */ = {isa = PBXBuildFile; fileRef = 63ACF6BE24E5489E003B4CD1 /* Binding.swift */; };
		63ACF6C224E5489E003B4CD1 /* ForEach.swift in Sources */ = {isa = PBXBuildFile; fileRef = 63ACF6BF24E5489E003B4CD1 /* ForEach.swift */; };
		63C305C824E28EF500BF3DCD /* ChecklistItem.swift in Sources */ = {isa = PBXBuildFile; fileRef = 63C305C724E28EF500BF3DCD /* ChecklistItem.swift */; };
		63C305CA24E28FFD00BF3DCD /* Checklist.swift in Sources */ = {isa = PBXBuildFile; fileRef = 63C305C924E28FFD00BF3DCD /* Checklist.swift */; };
		63C305CC24E2A35700BF3DCD /* EditChecklistItemView.swift in Sources */ = {isa = PBXBuildFile; fileRef = 63C305CB24E2A35700BF3DCD /* EditChecklistItemView.swift */; };
		63E2672024DE916D0054DBB0 /* AppDelegate.swift in Sources */ = {isa = PBXBuildFile; fileRef = 63E2671F24DE916D0054DBB0 /* AppDelegate.swift */; };
		63E2672224DE916D0054DBB0 /* SceneDelegate.swift in Sources */ = {isa = PBXBuildFile; fileRef = 63E2672124DE916D0054DBB0 /* SceneDelegate.swift */; };
		63E2672424DE916D0054DBB0 /* ChecklistView.swift in Sources */ = {isa = PBXBuildFile; fileRef = 63E2672324DE916D0054DBB0 /* ChecklistView.swift */; };
		63E2672624DE916E0054DBB0 /* Assets.xcassets in Resources */ = {isa = PBXBuildFile; fileRef = 63E2672524DE916E0054DBB0 /* Assets.xcassets */; };
		63E2672924DE916E0054DBB0 /* Preview Assets.xcassets in Resources */ = {isa = PBXBuildFile; fileRef = 63E2672824DE916E0054DBB0 /* Preview Assets.xcassets */; };
		63E2672C24DE916E0054DBB0 /* LaunchScreen.storyboard in Resources */ = {isa = PBXBuildFile; fileRef = 63E2672A24DE916E0054DBB0 /* LaunchScreen.storyboard */; };
/* End PBXBuildFile section */

/* Begin PBXFileReference section */
		632B338124E4006A001848CE /* NewChecklistItemView.swift */ = {isa = PBXFileReference; lastKnownFileType = sourcecode.swift; path = NewChecklistItemView.swift; sourceTree = "<group>"; };
		63ACF6BA24E53051003B4CD1 /* RowView.swift */ = {isa = PBXFileReference; lastKnownFileType = sourcecode.swift; path = RowView.swift; sourceTree = "<group>"; };
		63ACF6BD24E5489E003B4CD1 /* IndexedCollection.swift */ = {isa = PBXFileReference; fileEncoding = 4; lastKnownFileType = sourcecode.swift; path = IndexedCollection.swift; sourceTree = "<group>"; };
		63ACF6BE24E5489E003B4CD1 /* Binding.swift */ = {isa = PBXFileReference; fileEncoding = 4; lastKnownFileType = sourcecode.swift; path = Binding.swift; sourceTree = "<group>"; };
		63ACF6BF24E5489E003B4CD1 /* ForEach.swift */ = {isa = PBXFileReference; fileEncoding = 4; lastKnownFileType = sourcecode.swift; path = ForEach.swift; sourceTree = "<group>"; };
		63C305C724E28EF500BF3DCD /* ChecklistItem.swift */ = {isa = PBXFileReference; lastKnownFileType = sourcecode.swift; path = ChecklistItem.swift; sourceTree = "<group>"; };
		63C305C924E28FFD00BF3DCD /* Checklist.swift */ = {isa = PBXFileReference; lastKnownFileType = sourcecode.swift; path = Checklist.swift; sourceTree = "<group>"; };
		63C305CB24E2A35700BF3DCD /* EditChecklistItemView.swift */ = {isa = PBXFileReference; lastKnownFileType = sourcecode.swift; path = EditChecklistItemView.swift; sourceTree = "<group>"; };
		63E2671C24DE916D0054DBB0 /* Checklist_SwiftUI.app */ = {isa = PBXFileReference; explicitFileType = wrapper.application; includeInIndex = 0; path = Checklist_SwiftUI.app; sourceTree = BUILT_PRODUCTS_DIR; };
		63E2671F24DE916D0054DBB0 /* AppDelegate.swift */ = {isa = PBXFileReference; lastKnownFileType = sourcecode.swift; path = AppDelegate.swift; sourceTree = "<group>"; };
		63E2672124DE916D0054DBB0 /* SceneDelegate.swift */ = {isa = PBXFileReference; lastKnownFileType = sourcecode.swift; path = SceneDelegate.swift; sourceTree = "<group>"; };
		63E2672324DE916D0054DBB0 /* ChecklistView.swift */ = {isa = PBXFileReference; lastKnownFileType = sourcecode.swift; path = ChecklistView.swift; sourceTree = "<group>"; };
		63E2672524DE916E0054DBB0 /* Assets.xcassets */ = {isa = PBXFileReference; lastKnownFileType = folder.assetcatalog; path = Assets.xcassets; sourceTree = "<group>"; };
		63E2672824DE916E0054DBB0 /* Preview Assets.xcassets */ = {isa = PBXFileReference; lastKnownFileType = folder.assetcatalog; path = "Preview Assets.xcassets"; sourceTree = "<group>"; };
		63E2672B24DE916E0054DBB0 /* Base */ = {isa = PBXFileReference; lastKnownFileType = file.storyboard; name = Base; path = Base.lproj/LaunchScreen.storyboard; sourceTree = "<group>"; };
		63E2672D24DE916E0054DBB0 /* Info.plist */ = {isa = PBXFileReference; lastKnownFileType = text.plist.xml; path = Info.plist; sourceTree = "<group>"; };
/* End PBXFileReference section */

/* Begin PBXFrameworksBuildPhase section */
		63E2671924DE916D0054DBB0 /* Frameworks */ = {
			isa = PBXFrameworksBuildPhase;
			buildActionMask = 2147483647;
			files = (
			);
			runOnlyForDeploymentPostprocessing = 0;
		};
/* End PBXFrameworksBuildPhase section */

/* Begin PBXGroup section */
		63ACF6BC24E5489E003B4CD1 /* Extensions */ = {
			isa = PBXGroup;
			children = (
				63ACF6BD24E5489E003B4CD1 /* IndexedCollection.swift */,
				63ACF6BE24E5489E003B4CD1 /* Binding.swift */,
				63ACF6BF24E5489E003B4CD1 /* ForEach.swift */,
			);
			path = Extensions;
			sourceTree = "<group>";
		};
		63E2671324DE916D0054DBB0 = {
			isa = PBXGroup;
			children = (
				63E2671E24DE916D0054DBB0 /* Checklist_SwiftUI */,
				63E2671D24DE916D0054DBB0 /* Products */,
			);
			sourceTree = "<group>";
		};
		63E2671D24DE916D0054DBB0 /* Products */ = {
			isa = PBXGroup;
			children = (
				63E2671C24DE916D0054DBB0 /* Checklist_SwiftUI.app */,
			);
			name = Products;
			sourceTree = "<group>";
		};
		63E2671E24DE916D0054DBB0 /* Checklist_SwiftUI */ = {
			isa = PBXGroup;
			children = (
				63E2671F24DE916D0054DBB0 /* AppDelegate.swift */,
				63E2672124DE916D0054DBB0 /* SceneDelegate.swift */,
				63E2672324DE916D0054DBB0 /* ChecklistView.swift */,
				63C305C924E28FFD00BF3DCD /* Checklist.swift */,
				63C305C724E28EF500BF3DCD /* ChecklistItem.swift */,
				63C305CB24E2A35700BF3DCD /* EditChecklistItemView.swift */,
				632B338124E4006A001848CE /* NewChecklistItemView.swift */,
				63ACF6BA24E53051003B4CD1 /* RowView.swift */,
				63E2672524DE916E0054DBB0 /* Assets.xcassets */,
				63E2672A24DE916E0054DBB0 /* LaunchScreen.storyboard */,
				63E2672D24DE916E0054DBB0 /* Info.plist */,
				63ACF6BC24E5489E003B4CD1 /* Extensions */,
				63E2672724DE916E0054DBB0 /* Preview Content */,
			);
			path = Checklist_SwiftUI;
			sourceTree = "<group>";
		};
		63E2672724DE916E0054DBB0 /* Preview Content */ = {
			isa = PBXGroup;
			children = (
				63E2672824DE916E0054DBB0 /* Preview Assets.xcassets */,
			);
			path = "Preview Content";
			sourceTree = "<group>";
		};
/* End PBXGroup section */

/* Begin PBXNativeTarget section */
		63E2671B24DE916D0054DBB0 /* Checklist_SwiftUI */ = {
			isa = PBXNativeTarget;
			buildConfigurationList = 63E2673024DE916E0054DBB0 /* Build configuration list for PBXNativeTarget "Checklist_SwiftUI" */;
			buildPhases = (
				63E2671824DE916D0054DBB0 /* Sources */,
				63E2671924DE916D0054DBB0 /* Frameworks */,
				63E2671A24DE916D0054DBB0 /* Resources */,
			);
			buildRules = (
			);
			dependencies = (
			);
			name = Checklist_SwiftUI;
			productName = Checklist_SwiftUI;
			productReference = 63E2671C24DE916D0054DBB0 /* Checklist_SwiftUI.app */;
			productType = "com.apple.product-type.application";
		};
/* End PBXNativeTarget section */

/* Begin PBXProject section */
		63E2671424DE916D0054DBB0 /* Project object */ = {
			isa = PBXProject;
			attributes = {
				LastSwiftUpdateCheck = 1150;
				LastUpgradeCheck = 1150;
				ORGANIZATIONNAME = "David Fejes";
				TargetAttributes = {
					63E2671B24DE916D0054DBB0 = {
						CreatedOnToolsVersion = 11.5;
					};
				};
			};
			buildConfigurationList = 63E2671724DE916D0054DBB0 /* Build configuration list for PBXProject "Checklist_SwiftUI" */;
			compatibilityVersion = "Xcode 9.3";
			developmentRegion = en;
			hasScannedForEncodings = 0;
			knownRegions = (
				en,
				Base,
			);
			mainGroup = 63E2671324DE916D0054DBB0;
			productRefGroup = 63E2671D24DE916D0054DBB0 /* Products */;
			projectDirPath = "";
			projectRoot = "";
			targets = (
				63E2671B24DE916D0054DBB0 /* Checklist_SwiftUI */,
			);
		};
/* End PBXProject section */

/* Begin PBXResourcesBuildPhase section */
		63E2671A24DE916D0054DBB0 /* Resources */ = {
			isa = PBXResourcesBuildPhase;
			buildActionMask = 2147483647;
			files = (
				63E2672C24DE916E0054DBB0 /* LaunchScreen.storyboard in Resources */,
				63E2672924DE916E0054DBB0 /* Preview Assets.xcassets in Resources */,
				63E2672624DE916E0054DBB0 /* Assets.xcassets in Resources */,
			);
			runOnlyForDeploymentPostprocessing = 0;
		};
/* End PBXResourcesBuildPhase section */

/* Begin PBXSourcesBuildPhase section */
		63E2671824DE916D0054DBB0 /* Sources */ = {
			isa = PBXSourcesBuildPhase;
			buildActionMask = 2147483647;
			files = (
				63C305CA24E28FFD00BF3DCD /* Checklist.swift in Sources */,
				63E2672024DE916D0054DBB0 /* AppDelegate.swift in Sources */,
				63ACF6C224E5489E003B4CD1 /* ForEach.swift in Sources */,
				63ACF6C024E5489E003B4CD1 /* IndexedCollection.swift in Sources */,
				63E2672224DE916D0054DBB0 /* SceneDelegate.swift in Sources */,
				63ACF6BB24E53051003B4CD1 /* RowView.swift in Sources */,
				63E2672424DE916D0054DBB0 /* ChecklistView.swift in Sources */,
				63C305CC24E2A35700BF3DCD /* EditChecklistItemView.swift in Sources */,
				632B338224E4006A001848CE /* NewChecklistItemView.swift in Sources */,
				63C305C824E28EF500BF3DCD /* ChecklistItem.swift in Sources */,
				63ACF6C124E5489E003B4CD1 /* Binding.swift in Sources */,
			);
			runOnlyForDeploymentPostprocessing = 0;
		};
/* End PBXSourcesBuildPhase section */

/* Begin PBXVariantGroup section */
		63E2672A24DE916E0054DBB0 /* LaunchScreen.storyboard */ = {
			isa = PBXVariantGroup;
			children = (
				63E2672B24DE916E0054DBB0 /* Base */,
			);
			name = LaunchScreen.storyboard;
			sourceTree = "<group>";
		};
/* End PBXVariantGroup section */

/* Begin XCBuildConfiguration section */
		63E2672E24DE916E0054DBB0 /* Debug */ = {
			isa = XCBuildConfiguration;
			buildSettings = {
				ALWAYS_SEARCH_USER_PATHS = NO;
				CLANG_ANALYZER_NONNULL = YES;
				CLANG_ANALYZER_NUMBER_OBJECT_CONVERSION = YES_AGGRESSIVE;
				CLANG_CXX_LANGUAGE_STANDARD = "gnu++14";
				CLANG_CXX_LIBRARY = "libc++";
				CLANG_ENABLE_MODULES = YES;
				CLANG_ENABLE_OBJC_ARC = YES;
				CLANG_ENABLE_OBJC_WEAK = YES;
				CLANG_WARN_BLOCK_CAPTURE_AUTORELEASING = YES;
				CLANG_WARN_BOOL_CONVERSION = YES;
				CLANG_WARN_COMMA = YES;
				CLANG_WARN_CONSTANT_CONVERSION = YES;
				CLANG_WARN_DEPRECATED_OBJC_IMPLEMENTATIONS = YES;
				CLANG_WARN_DIRECT_OBJC_ISA_USAGE = YES_ERROR;
				CLANG_WARN_DOCUMENTATION_COMMENTS = YES;
				CLANG_WARN_EMPTY_BODY = YES;
				CLANG_WARN_ENUM_CONVERSION = YES;
				CLANG_WARN_INFINITE_RECURSION = YES;
				CLANG_WARN_INT_CONVERSION = YES;
				CLANG_WARN_NON_LITERAL_NULL_CONVERSION = YES;
				CLANG_WARN_OBJC_IMPLICIT_RETAIN_SELF = YES;
				CLANG_WARN_OBJC_LITERAL_CONVERSION = YES;
				CLANG_WARN_OBJC_ROOT_CLASS = YES_ERROR;
				CLANG_WARN_RANGE_LOOP_ANALYSIS = YES;
				CLANG_WARN_STRICT_PROTOTYPES = YES;
				CLANG_WARN_SUSPICIOUS_MOVE = YES;
				CLANG_WARN_UNGUARDED_AVAILABILITY = YES_AGGRESSIVE;
				CLANG_WARN_UNREACHABLE_CODE = YES;
				CLANG_WARN__DUPLICATE_METHOD_MATCH = YES;
				COPY_PHASE_STRIP = NO;
				DEBUG_INFORMATION_FORMAT = dwarf;
				ENABLE_STRICT_OBJC_MSGSEND = YES;
				ENABLE_TESTABILITY = YES;
				GCC_C_LANGUAGE_STANDARD = gnu11;
				GCC_DYNAMIC_NO_PIC = NO;
				GCC_NO_COMMON_BLOCKS = YES;
				GCC_OPTIMIZATION_LEVEL = 0;
				GCC_PREPROCESSOR_DEFINITIONS = (
					"DEBUG=1",
					"$(inherited)",
				);
				GCC_WARN_64_TO_32_BIT_CONVERSION = YES;
				GCC_WARN_ABOUT_RETURN_TYPE = YES_ERROR;
				GCC_WARN_UNDECLARED_SELECTOR = YES;
				GCC_WARN_UNINITIALIZED_AUTOS = YES_AGGRESSIVE;
				GCC_WARN_UNUSED_FUNCTION = YES;
				GCC_WARN_UNUSED_VARIABLE = YES;
				IPHONEOS_DEPLOYMENT_TARGET = 13.5;
				MTL_ENABLE_DEBUG_INFO = INCLUDE_SOURCE;
				MTL_FAST_MATH = YES;
				ONLY_ACTIVE_ARCH = YES;
				SDKROOT = iphoneos;
				SWIFT_ACTIVE_COMPILATION_CONDITIONS = DEBUG;
				SWIFT_OPTIMIZATION_LEVEL = "-Onone";
			};
			name = Debug;
		};
		63E2672F24DE916E0054DBB0 /* Release */ = {
			isa = XCBuildConfiguration;
			buildSettings = {
				ALWAYS_SEARCH_USER_PATHS = NO;
				CLANG_ANALYZER_NONNULL = YES;
				CLANG_ANALYZER_NUMBER_OBJECT_CONVERSION = YES_AGGRESSIVE;
				CLANG_CXX_LANGUAGE_STANDARD = "gnu++14";
				CLANG_CXX_LIBRARY = "libc++";
				CLANG_ENABLE_MODULES = YES;
				CLANG_ENABLE_OBJC_ARC = YES;
				CLANG_ENABLE_OBJC_WEAK = YES;
				CLANG_WARN_BLOCK_CAPTURE_AUTORELEASING = YES;
				CLANG_WARN_BOOL_CONVERSION = YES;
				CLANG_WARN_COMMA = YES;
				CLANG_WARN_CONSTANT_CONVERSION = YES;
				CLANG_WARN_DEPRECATED_OBJC_IMPLEMENTATIONS = YES;
				CLANG_WARN_DIRECT_OBJC_ISA_USAGE = YES_ERROR;
				CLANG_WARN_DOCUMENTATION_COMMENTS = YES;
				CLANG_WARN_EMPTY_BODY = YES;
				CLANG_WARN_ENUM_CONVERSION = YES;
				CLANG_WARN_INFINITE_RECURSION = YES;
				CLANG_WARN_INT_CONVERSION = YES;
				CLANG_WARN_NON_LITERAL_NULL_CONVERSION = YES;
				CLANG_WARN_OBJC_IMPLICIT_RETAIN_SELF = YES;
				CLANG_WARN_OBJC_LITERAL_CONVERSION = YES;
				CLANG_WARN_OBJC_ROOT_CLASS = YES_ERROR;
				CLANG_WARN_RANGE_LOOP_ANALYSIS = YES;
				CLANG_WARN_STRICT_PROTOTYPES = YES;
				CLANG_WARN_SUSPICIOUS_MOVE = YES;
				CLANG_WARN_UNGUARDED_AVAILABILITY = YES_AGGRESSIVE;
				CLANG_WARN_UNREACHABLE_CODE = YES;
				CLANG_WARN__DUPLICATE_METHOD_MATCH = YES;
				COPY_PHASE_STRIP = NO;
				DEBUG_INFORMATION_FORMAT = "dwarf-with-dsym";
				ENABLE_NS_ASSERTIONS = NO;
				ENABLE_STRICT_OBJC_MSGSEND = YES;
				GCC_C_LANGUAGE_STANDARD = gnu11;
				GCC_NO_COMMON_BLOCKS = YES;
				GCC_WARN_64_TO_32_BIT_CONVERSION = YES;
				GCC_WARN_ABOUT_RETURN_TYPE = YES_ERROR;
				GCC_WARN_UNDECLARED_SELECTOR = YES;
				GCC_WARN_UNINITIALIZED_AUTOS = YES_AGGRESSIVE;
				GCC_WARN_UNUSED_FUNCTION = YES;
				GCC_WARN_UNUSED_VARIABLE = YES;
				IPHONEOS_DEPLOYMENT_TARGET = 13.5;
				MTL_ENABLE_DEBUG_INFO = NO;
				MTL_FAST_MATH = YES;
				SDKROOT = iphoneos;
				SWIFT_COMPILATION_MODE = wholemodule;
				SWIFT_OPTIMIZATION_LEVEL = "-O";
				VALIDATE_PRODUCT = YES;
			};
			name = Release;
		};
		63E2673124DE916E0054DBB0 /* Debug */ = {
			isa = XCBuildConfiguration;
			buildSettings = {
				ASSETCATALOG_COMPILER_APPICON_NAME = AppIcon;
				CODE_SIGN_STYLE = Automatic;
				DEVELOPMENT_ASSET_PATHS = "\"Checklist_SwiftUI/Preview Content\"";
				DEVELOPMENT_TEAM = 7SHG7Z59SZ;
				ENABLE_PREVIEWS = YES;
				INFOPLIST_FILE = Checklist_SwiftUI/Info.plist;
				LD_RUNPATH_SEARCH_PATHS = (
					"$(inherited)",
					"@executable_path/Frameworks",
				);
				PRODUCT_BUNDLE_IDENTIFIER = "com.davidfejes.Checklist-SwiftUI";
				PRODUCT_NAME = "$(TARGET_NAME)";
				SWIFT_VERSION = 5.0;
				TARGETED_DEVICE_FAMILY = "1,2";
			};
			name = Debug;
		};
		63E2673224DE916E0054DBB0 /* Release */ = {
			isa = XCBuildConfiguration;
			buildSettings = {
				ASSETCATALOG_COMPILER_APPICON_NAME = AppIcon;
				CODE_SIGN_STYLE = Automatic;
				DEVELOPMENT_ASSET_PATHS = "\"Checklist_SwiftUI/Preview Content\"";
				DEVELOPMENT_TEAM = 7SHG7Z59SZ;
				ENABLE_PREVIEWS = YES;
				INFOPLIST_FILE = Checklist_SwiftUI/Info.plist;
				LD_RUNPATH_SEARCH_PATHS = (
					"$(inherited)",
					"@executable_path/Frameworks",
				);
				PRODUCT_BUNDLE_IDENTIFIER = "com.davidfejes.Checklist-SwiftUI";
				PRODUCT_NAME = "$(TARGET_NAME)";
				SWIFT_VERSION = 5.0;
				TARGETED_DEVICE_FAMILY = "1,2";
			};
			name = Release;
		};
/* End XCBuildConfiguration section */

/* Begin XCConfigurationList section */
		63E2671724DE916D0054DBB0 /* Build configuration list for PBXProject "Checklist_SwiftUI" */ = {
			isa = XCConfigurationList;
			buildConfigurations = (
				63E2672E24DE916E0054DBB0 /* Debug */,
				63E2672F24DE916E0054DBB0 /* Release */,
			);
			defaultConfigurationIsVisible = 0;
			defaultConfigurationName = Release;
		};
		63E2673024DE916E0054DBB0 /* Build configuration list for PBXNativeTarget "Checklist_SwiftUI" */ = {
			isa = XCConfigurationList;
			buildConfigurations = (
				63E2673124DE916E0054DBB0 /* Debug */,
				63E2673224DE916E0054DBB0 /* Release */,
			);
			defaultConfigurationIsVisible = 0;
			defaultConfigurationName = Release;
		};
/* End XCConfigurationList section */
	};
	rootObject = 63E2671424DE916D0054DBB0 /* Project object */;
}
